
Microsoft Visual Studio Solution File, Format Version 12.00
# Visual Studio Version 17
VisualStudioVersion = 17.8.34309.116
MinimumVisualStudioVersion = 10.0.40219.1
Project("{FAE04EC0-301F-11D3-BF4B-00C04F79EFBC}") = "Coding-Game-Backend", "Coding-Game-Backend\Coding-Game-Backend.csproj", "{9757E16B-617B-4C17-A1FF-016BCEBD997B}"
EndProject
Global
	GlobalSection(SolutionConfigurationPlatforms) = preSolution
		Debug|Any CPU = Debug|Any CPU
		Release|Any CPU = Release|Any CPU
	EndGlobalSection
	GlobalSection(ProjectConfigurationPlatforms) = postSolution
		{9757E16B-617B-4C17-A1FF-016BCEBD997B}.Debug|Any CPU.ActiveCfg = Debug|Any CPU
		{9757E16B-617B-4C17-A1FF-016BCEBD997B}.Debug|Any CPU.Build.0 = Debug|Any CPU
		{9757E16B-617B-4C17-A1FF-016BCEBD997B}.Release|Any CPU.ActiveCfg = Release|Any CPU
		{9757E16B-617B-4C17-A1FF-016BCEBD997B}.Release|Any CPU.Build.0 = Release|Any CPU
	EndGlobalSection
	GlobalSection(SolutionProperties) = preSolution
		HideSolutionNode = FALSE
	EndGlobalSection
	GlobalSection(ExtensibilityGlobals) = postSolution
		SolutionGuid = {AE5E0995-ACEB-4AD6-8E7A-97D52DF1CF39}
	EndGlobalSection
EndGlobal
